
Microsoft Visual Studio Solution File, Format Version 12.00
# Visual Studio Version 16
VisualStudioVersion = 16.0.30621.155
MinimumVisualStudioVersion = 10.0.40219.1
Project("{888888A0-9F3D-457C-B088-3A5042F75D52}") = "Sockets", "Sockets.pyproj", "{1E1353EC-7BDC-4465-86DA-A7D189A4A381}"
EndProject
Global
	GlobalSection(SolutionConfigurationPlatforms) = preSolution
		Debug|Any CPU = Debug|Any CPU
		Release|Any CPU = Release|Any CPU
	EndGlobalSection
	GlobalSection(ProjectConfigurationPlatforms) = postSolution
		{1E1353EC-7BDC-4465-86DA-A7D189A4A381}.Debug|Any CPU.ActiveCfg = Debug|Any CPU
		{1E1353EC-7BDC-4465-86DA-A7D189A4A381}.Debug|Any CPU.Build.0 = Debug|Any CPU
		{1E1353EC-7BDC-4465-86DA-A7D189A4A381}.Release|Any CPU.ActiveCfg = Release|Any CPU
		{1E1353EC-7BDC-4465-86DA-A7D189A4A381}.Release|Any CPU.Build.0 = Release|Any CPU
	EndGlobalSection
	GlobalSection(SolutionProperties) = preSolution
		HideSolutionNode = FALSE
	EndGlobalSection
	GlobalSection(ExtensibilityGlobals) = postSolution
		SolutionGuid = {FB1E807B-E0DB-4CAB-90E4-B58611095849}
	EndGlobalSection
EndGlobal
